
Microsoft Visual Studio Solution File, Format Version 12.00
# Visual Studio Version 17
VisualStudioVersion = 17.4.33027.239
MinimumVisualStudioVersion = 10.0.40219.1
Project("{FAE04EC0-301F-11D3-BF4B-00C04F79EFBC}") = "Six-new-features", "Six-new-features.csproj", "{A8FB6856-C8BF-4A38-9F96-4B36F4716FF6}"
EndProject
Global
	GlobalSection(SolutionConfigurationPlatforms) = preSolution
		Debug|Any CPU = Debug|Any CPU
		Release|Any CPU = Release|Any CPU
	EndGlobalSection
	GlobalSection(ProjectConfigurationPlatforms) = postSolution
		{A8FB6856-C8BF-4A38-9F96-4B36F4716FF6}.Debug|Any CPU.ActiveCfg = Debug|Any CPU
		{A8FB6856-C8BF-4A38-9F96-4B36F4716FF6}.Debug|Any CPU.Build.0 = Debug|Any CPU
		{A8FB6856-C8BF-4A38-9F96-4B36F4716FF6}.Release|Any CPU.ActiveCfg = Release|Any CPU
		{A8FB6856-C8BF-4A38-9F96-4B36F4716FF6}.Release|Any CPU.Build.0 = Release|Any CPU
	EndGlobalSection
	GlobalSection(SolutionProperties) = preSolution
		HideSolutionNode = FALSE
	EndGlobalSection
	GlobalSection(ExtensibilityGlobals) = postSolution
		SolutionGuid = {D7D027A5-0A1A-4E02-ACBF-155550C99FA0}
	EndGlobalSection
EndGlobal
